
Microsoft Visual Studio Solution File, Format Version 12.00
# Visual Studio Version 16
VisualStudioVersion = 16.0.29503.13
MinimumVisualStudioVersion = 10.0.40219.1
Project("{FAE04EC0-301F-11D3-BF4B-00C04F79EFBC}") = "ProjetAllocine", "ProjetAllocine\ProjetAllocine.csproj", "{75D10071-9F23-4A94-BEF1-15015B66D618}"
EndProject
Project("{FAE04EC0-301F-11D3-BF4B-00C04F79EFBC}") = "modelMetier.gestionnaire", "modelMetier.gestionnaire\modelMetier.gestionnaire.csproj", "{306177A2-7953-49BA-B1C8-B3E3A3E97762}"
EndProject
Project("{FAE04EC0-301F-11D3-BF4B-00C04F79EFBC}") = "modelMetier.entity", "modelMetier.entity\modelMetier.entity.csproj", "{6456ABC9-48BA-41C6-9A8D-6DA165AF893E}"
EndProject
Global
	GlobalSection(SolutionConfigurationPlatforms) = preSolution
		Debug|Any CPU = Debug|Any CPU
		Debug|ARM = Debug|ARM
		Debug|ARM64 = Debug|ARM64
		Debug|x64 = Debug|x64
		Debug|x86 = Debug|x86
		Release|Any CPU = Release|Any CPU
		Release|ARM = Release|ARM
		Release|ARM64 = Release|ARM64
		Release|x64 = Release|x64
		Release|x86 = Release|x86
	EndGlobalSection
	GlobalSection(ProjectConfigurationPlatforms) = postSolution
		{75D10071-9F23-4A94-BEF1-15015B66D618}.Debug|Any CPU.ActiveCfg = Debug|x86
		{75D10071-9F23-4A94-BEF1-15015B66D618}.Debug|ARM.ActiveCfg = Debug|ARM
		{75D10071-9F23-4A94-BEF1-15015B66D618}.Debug|ARM.Build.0 = Debug|ARM
		{75D10071-9F23-4A94-BEF1-15015B66D618}.Debug|ARM.Deploy.0 = Debug|ARM
		{75D10071-9F23-4A94-BEF1-15015B66D618}.Debug|ARM64.ActiveCfg = Debug|ARM64
		{75D10071-9F23-4A94-BEF1-15015B66D618}.Debug|ARM64.Build.0 = Debug|ARM64
		{75D10071-9F23-4A94-BEF1-15015B66D618}.Debug|ARM64.Deploy.0 = Debug|ARM64
		{75D10071-9F23-4A94-BEF1-15015B66D618}.Debug|x64.ActiveCfg = Debug|x64
		{75D10071-9F23-4A94-BEF1-15015B66D618}.Debug|x64.Build.0 = Debug|x64
		{75D10071-9F23-4A94-BEF1-15015B66D618}.Debug|x64.Deploy.0 = Debug|x64
		{75D10071-9F23-4A94-BEF1-15015B66D618}.Debug|x86.ActiveCfg = Debug|x86
		{75D10071-9F23-4A94-BEF1-15015B66D618}.Debug|x86.Build.0 = Debug|x86
		{75D10071-9F23-4A94-BEF1-15015B66D618}.Debug|x86.Deploy.0 = Debug|x86
		{75D10071-9F23-4A94-BEF1-15015B66D618}.Release|Any CPU.ActiveCfg = Release|x86
		{75D10071-9F23-4A94-BEF1-15015B66D618}.Release|ARM.ActiveCfg = Release|ARM
		{75D10071-9F23-4A94-BEF1-15015B66D618}.Release|ARM.Build.0 = Release|ARM
		{75D10071-9F23-4A94-BEF1-15015B66D618}.Release|ARM.Deploy.0 = Release|ARM
		{75D10071-9F23-4A94-BEF1-15015B66D618}.Release|ARM64.ActiveCfg = Release|ARM64
		{75D10071-9F23-4A94-BEF1-15015B66D618}.Release|ARM64.Build.0 = Release|ARM64
		{75D10071-9F23-4A94-BEF1-15015B66D618}.Release|ARM64.Deploy.0 = Release|ARM64
		{75D10071-9F23-4A94-BEF1-15015B66D618}.Release|x64.ActiveCfg = Release|x64
		{75D10071-9F23-4A94-BEF1-15015B66D618}.Release|x64.Build.0 = Release|x64
		{75D10071-9F23-4A94-BEF1-15015B66D618}.Release|x64.Deploy.0 = Release|x64
		{75D10071-9F23-4A94-BEF1-15015B66D618}.Release|x86.ActiveCfg = Release|x86
		{75D10071-9F23-4A94-BEF1-15015B66D618}.Release|x86.Build.0 = Release|x86
		{75D10071-9F23-4A94-BEF1-15015B66D618}.Release|x86.Deploy.0 = Release|x86
		{306177A2-7953-49BA-B1C8-B3E3A3E97762}.Debug|Any CPU.ActiveCfg = Debug|Any CPU
		{306177A2-7953-49BA-B1C8-B3E3A3E97762}.Debug|Any CPU.Build.0 = Debug|Any CPU
		{306177A2-7953-49BA-B1C8-B3E3A3E97762}.Debug|ARM.ActiveCfg = Debug|Any CPU
		{306177A2-7953-49BA-B1C8-B3E3A3E97762}.Debug|ARM.Build.0 = Debug|Any CPU
		{306177A2-7953-49BA-B1C8-B3E3A3E97762}.Debug|ARM64.ActiveCfg = Debug|Any CPU
		{306177A2-7953-49BA-B1C8-B3E3A3E97762}.Debug|ARM64.Build.0 = Debug|Any CPU
		{306177A2-7953-49BA-B1C8-B3E3A3E97762}.Debug|x64.ActiveCfg = Debug|Any CPU
		{306177A2-7953-49BA-B1C8-B3E3A3E97762}.Debug|x64.Build.0 = Debug|Any CPU
		{306177A2-7953-49BA-B1C8-B3E3A3E97762}.Debug|x86.ActiveCfg = Debug|Any CPU
		{306177A2-7953-49BA-B1C8-B3E3A3E97762}.Debug|x86.Build.0 = Debug|Any CPU
		{306177A2-7953-49BA-B1C8-B3E3A3E97762}.Release|Any CPU.ActiveCfg = Release|Any CPU
		{306177A2-7953-49BA-B1C8-B3E3A3E97762}.Release|Any CPU.Build.0 = Release|Any CPU
		{306177A2-7953-49BA-B1C8-B3E3A3E97762}.Release|ARM.ActiveCfg = Release|Any CPU
		{306177A2-7953-49BA-B1C8-B3E3A3E97762}.Release|ARM.Build.0 = Release|Any CPU
		{306177A2-7953-49BA-B1C8-B3E3A3E97762}.Release|ARM64.ActiveCfg = Release|Any CPU
		{306177A2-7953-49BA-B1C8-B3E3A3E97762}.Release|ARM64.Build.0 = Release|Any CPU
		{306177A2-7953-49BA-B1C8-B3E3A3E97762}.Release|x64.ActiveCfg = Release|Any CPU
		{306177A2-7953-49BA-B1C8-B3E3A3E97762}.Release|x64.Build.0 = Release|Any CPU
		{306177A2-7953-49BA-B1C8-B3E3A3E97762}.Release|x86.ActiveCfg = Release|Any CPU
		{306177A2-7953-49BA-B1C8-B3E3A3E97762}.Release|x86.Build.0 = Release|Any CPU
		{6456ABC9-48BA-41C6-9A8D-6DA165AF893E}.Debug|Any CPU.ActiveCfg = Debug|Any CPU
		{6456ABC9-48BA-41C6-9A8D-6DA165AF893E}.Debug|Any CPU.Build.0 = Debug|Any CPU
		{6456ABC9-48BA-41C6-9A8D-6DA165AF893E}.Debug|ARM.ActiveCfg = Debug|Any CPU
		{6456ABC9-48BA-41C6-9A8D-6DA165AF893E}.Debug|ARM.Build.0 = Debug|Any CPU
		{6456ABC9-48BA-41C6-9A8D-6DA165AF893E}.Debug|ARM64.ActiveCfg = Debug|Any CPU
		{6456ABC9-48BA-41C6-9A8D-6DA165AF893E}.Debug|ARM64.Build.0 = Debug|Any CPU
		{6456ABC9-48BA-41C6-9A8D-6DA165AF893E}.Debug|x64.ActiveCfg = Debug|Any CPU
		{6456ABC9-48BA-41C6-9A8D-6DA165AF893E}.Debug|x64.Build.0 = Debug|Any CPU
		{6456ABC9-48BA-41C6-9A8D-6DA165AF893E}.Debug|x86.ActiveCfg = Debug|Any CPU
		{6456ABC9-48BA-41C6-9A8D-6DA165AF893E}.Debug|x86.Build.0 = Debug|Any CPU
		{6456ABC9-48BA-41C6-9A8D-6DA165AF893E}.Release|Any CPU.ActiveCfg = Release|Any CPU
		{6456ABC9-48BA-41C6-9A8D-6DA165AF893E}.Release|Any CPU.Build.0 = Release|Any CPU
		{6456ABC9-48BA-41C6-9A8D-6DA165AF893E}.Release|ARM.ActiveCfg = Release|Any CPU
		{6456ABC9-48BA-41C6-9A8D-6DA165AF893E}.Release|ARM.Build.0 = Release|Any CPU
		{6456ABC9-48BA-41C6-9A8D-6DA165AF893E}.Release|ARM64.ActiveCfg = Release|Any CPU
		{6456ABC9-48BA-41C6-9A8D-6DA165AF893E}.Release|ARM64.Build.0 = Release|Any CPU
		{6456ABC9-48BA-41C6-9A8D-6DA165AF893E}.Release|x64.ActiveCfg = Release|Any CPU
		{6456ABC9-48BA-41C6-9A8D-6DA165AF893E}.Release|x64.Build.0 = Release|Any CPU
		{6456ABC9-48BA-41C6-9A8D-6DA165AF893E}.Release|x86.ActiveCfg = Release|Any CPU
		{6456ABC9-48BA-41C6-9A8D-6DA165AF893E}.Release|x86.Build.0 = Release|Any CPU
	EndGlobalSection
	GlobalSection(SolutionProperties) = preSolution
		HideSolutionNode = FALSE
	EndGlobalSection
	GlobalSection(ExtensibilityGlobals) = postSolution
		SolutionGuid = {D7C604A2-124F-4B6D-B5B4-EFB3C0FCFC40}
	EndGlobalSection
EndGlobal
